
Microsoft Visual Studio Solution File, Format Version 12.00
# Visual Studio Version 16
VisualStudioVersion = 16.0.31702.278
MinimumVisualStudioVersion = 10.0.40219.1
Project("{FAE04EC0-301F-11D3-BF4B-00C04F79EFBC}") = "AnimalsMvc", "AnimalsMvc\AnimalsMvc.csproj", "{820209D4-2B8F-4291-87C2-B2175E9B7D24}"
EndProject
Global
	GlobalSection(SolutionConfigurationPlatforms) = preSolution
		Debug|Any CPU = Debug|Any CPU
		Release|Any CPU = Release|Any CPU
	EndGlobalSection
	GlobalSection(ProjectConfigurationPlatforms) = postSolution
		{820209D4-2B8F-4291-87C2-B2175E9B7D24}.Debug|Any CPU.ActiveCfg = Debug|Any CPU
		{820209D4-2B8F-4291-87C2-B2175E9B7D24}.Debug|Any CPU.Build.0 = Debug|Any CPU
		{820209D4-2B8F-4291-87C2-B2175E9B7D24}.Release|Any CPU.ActiveCfg = Release|Any CPU
		{820209D4-2B8F-4291-87C2-B2175E9B7D24}.Release|Any CPU.Build.0 = Release|Any CPU
	EndGlobalSection
	GlobalSection(SolutionProperties) = preSolution
		HideSolutionNode = FALSE
	EndGlobalSection
	GlobalSection(ExtensibilityGlobals) = postSolution
		SolutionGuid = {81DA987A-645E-4F83-8E18-D72C3C6A6041}
	EndGlobalSection
EndGlobal
